# This file is automatically @generated by Cargo.
# It is not intended for manual editing.
version = 3

[[package]]
name = "audio_board_h"
version = "0.1.0"
dependencies = [
 "cc",
 "cortex-m",
 "cty",
 "embedded-hal",
 "log",
 "nb 1.1.0",
 "teensy4-bsp",
 "teensy4-panic",
 "vumeter_lib",
]

[[package]]
name = "bare-metal"
version = "0.2.5"
source = "registry+https://github.com/rust-lang/crates.io-index"
checksum = "5deb64efa5bd81e31fcd1938615a6d98c82eafcbcd787162b6f63b91d6bac5b3"
dependencies = [
 "rustc_version",
]

[[package]]
name = "bbqueue"
version = "0.5.1"
source = "registry+https://github.com/rust-lang/crates.io-index"
checksum = "fd3baa8859d1a4c7411039a75c0599a4640ef1c9a8fc811e4325b00e6cfe0a55"

[[package]]
name = "biquad"
version = "0.4.2"
source = "registry+https://github.com/rust-lang/crates.io-index"
checksum = "820524f5e3e3add696ddf69f79575772e152c0e78e9f0370b56990a7e808ec3e"
dependencies = [
 "libm 0.1.4",
]

[[package]]
name = "bitfield"
version = "0.13.2"
source = "registry+https://github.com/rust-lang/crates.io-index"
checksum = "46afbd2983a5d5a7bd740ccb198caf5b82f45c40c09c0eed36052d91cb92e719"

[[package]]
name = "bitflags"
version = "1.3.2"
source = "registry+https://github.com/rust-lang/crates.io-index"
checksum = "bef38d45163c2f1dde094a7dfd33ccf595c92905c8f8f4fdc18d06fb1037718a"

[[package]]
name = "cc"
version = "1.0.79"
source = "registry+https://github.com/rust-lang/crates.io-index"
checksum = "50d30906286121d95be3d479533b458f87493b30a4b5f79a607db8f5d11aa91f"

[[package]]
name = "cfg-if"
version = "1.0.0"
source = "registry+https://github.com/rust-lang/crates.io-index"
checksum = "baf1de4339761588bc0619e3cbc0120ee582ebb74b53b4efbf79117bd2da40fd"

[[package]]
name = "cortex-m"
version = "0.7.7"
source = "registry+https://github.com/rust-lang/crates.io-index"
checksum = "8ec610d8f49840a5b376c69663b6369e71f4b34484b9b2eb29fb918d92516cb9"
dependencies = [
 "bare-metal",
 "bitfield",
 "critical-section",
 "embedded-hal",
 "volatile-register",
]

[[package]]
name = "cortex-m-rt"
version = "0.7.3"
source = "registry+https://github.com/rust-lang/crates.io-index"
checksum = "ee84e813d593101b1723e13ec38b6ab6abbdbaaa4546553f5395ed274079ddb1"
dependencies = [
 "cortex-m-rt-macros",
]

[[package]]
name = "cortex-m-rt-macros"
version = "0.7.0"
source = "registry+https://github.com/rust-lang/crates.io-index"
checksum = "f0f6f3e36f203cfedbc78b357fb28730aa2c6dc1ab060ee5c2405e843988d3c7"
dependencies = [
 "proc-macro2",
 "quote",
 "syn 1.0.109",
]

[[package]]
name = "critical-section"
version = "1.1.1"
source = "registry+https://github.com/rust-lang/crates.io-index"
checksum = "6548a0ad5d2549e111e1f6a11a6c2e2d00ce6a3dafe22948d67c2b443f775e52"

[[package]]
name = "cty"
version = "0.2.2"
source = "registry+https://github.com/rust-lang/crates.io-index"
checksum = "b365fabc795046672053e29c954733ec3b05e4be654ab130fe8f1f94d7051f35"

[[package]]
name = "defmt"
version = "0.3.5"
source = "registry+https://github.com/rust-lang/crates.io-index"
checksum = "a8a2d011b2fee29fb7d659b83c43fce9a2cb4df453e16d441a51448e448f3f98"
dependencies = [
 "bitflags",
 "defmt-macros",
]

[[package]]
name = "defmt-macros"
version = "0.3.6"
source = "registry+https://github.com/rust-lang/crates.io-index"
checksum = "54f0216f6c5acb5ae1a47050a6645024e6edafc2ee32d421955eccfef12ef92e"
dependencies = [
 "defmt-parser",
 "proc-macro-error",
 "proc-macro2",
 "quote",
 "syn 2.0.22",
]

[[package]]
name = "defmt-parser"
version = "0.3.3"
source = "registry+https://github.com/rust-lang/crates.io-index"
checksum = "269924c02afd7f94bc4cecbfa5c379f6ffcf9766b3408fe63d22c728654eccd0"
dependencies = [
 "thiserror",
]

[[package]]
name = "embedded-hal"
version = "0.2.7"
source = "registry+https://github.com/rust-lang/crates.io-index"
checksum = "35949884794ad573cf46071e41c9b60efb0cb311e3ca01f7af807af1debc66ff"
dependencies = [
 "nb 0.1.3",
 "void",
]

[[package]]
name = "fugit"
version = "0.3.7"
source = "registry+https://github.com/rust-lang/crates.io-index"
checksum = "17186ad64927d5ac8f02c1e77ccefa08ccd9eaa314d5a4772278aa204a22f7e7"
dependencies = [
 "gcd",
]

[[package]]
name = "gcd"
version = "2.3.0"
source = "registry+https://github.com/rust-lang/crates.io-index"
checksum = "1d758ba1b47b00caf47f24925c0074ecb20d6dfcffe7f6d53395c0465674841a"

[[package]]
name = "imxrt-boot-gen"
version = "0.3.1"
source = "registry+https://github.com/rust-lang/crates.io-index"
checksum = "e90bcb04a4619e58f8662d6d993b6318d04416936550cd3d721938d254f5fe19"

[[package]]
name = "imxrt-dma"
version = "0.1.1"
source = "registry+https://github.com/rust-lang/crates.io-index"
checksum = "0be4dc99cfca9c88c3478be3cba16ca3e3b2bde180e1dd69f7d04f470d6412a4"
dependencies = [
 "cortex-m",
 "ral-registers",
]

[[package]]
name = "imxrt-hal"
version = "0.5.2"
source = "registry+https://github.com/rust-lang/crates.io-index"
checksum = "b54d445c5f7e426ea7f3d84627cccd10539d932588ca24d2a789a471abdc8e86"
dependencies = [
 "bitflags",
 "cfg-if",
 "embedded-hal",
 "fugit",
 "imxrt-dma",
 "imxrt-iomuxc",
 "imxrt-ral",
 "imxrt-usbd",
 "nb 1.1.0",
 "void",
]

[[package]]
name = "imxrt-iomuxc"
version = "0.2.1"
source = "registry+https://github.com/rust-lang/crates.io-index"
checksum = "cf61e85a6f1e4e772a0daae81ec6124576b729b40e05a1677d150165873205ab"

[[package]]
name = "imxrt-log"
version = "0.1.1"
source = "registry+https://github.com/rust-lang/crates.io-index"
checksum = "fa66f5d6331f47afc29af176d337c5556e677549a0dc7aef5692134d81372d69"
dependencies = [
 "bbqueue",
 "critical-section",
 "defmt",
 "imxrt-usbd",
 "log",
 "usb-device",
 "usbd-serial",
]

[[package]]
name = "imxrt-ral"
version = "0.5.0"
source = "registry+https://github.com/rust-lang/crates.io-index"
checksum = "2080c9c1336141055af8cfb7b19e1b584dd52f792c2f669fa9f47ee14d15d53d"
dependencies = [
 "cortex-m",
 "ral-registers",
]

[[package]]
name = "imxrt-rt"
version = "0.1.1"
source = "registry+https://github.com/rust-lang/crates.io-index"
checksum = "29a931e8dc108a5c55c5e07ed33a8bdfd0cd5fe29a79431f70e5af1874fa4b6b"
dependencies = [
 "cfg-if",
 "cortex-m-rt",
]

[[package]]
name = "imxrt-usbd"
version = "0.2.1"
source = "registry+https://github.com/rust-lang/crates.io-index"
checksum = "31abcd97b602257ebb64a98dc5dc3fd20f200e0e76ea80f70a2a28c44f6a6405"
dependencies = [
 "bitflags",
 "cortex-m",
 "ral-registers",
 "usb-device",
]

[[package]]
name = "libm"
version = "0.1.4"
source = "registry+https://github.com/rust-lang/crates.io-index"
checksum = "7fc7aa29613bd6a620df431842069224d8bc9011086b1db4c0e0cd47fa03ec9a"

[[package]]
name = "libm"
version = "0.2.7"
source = "registry+https://github.com/rust-lang/crates.io-index"
checksum = "f7012b1bbb0719e1097c47611d3898568c546d597c2e74d66f6087edd5233ff4"

[[package]]
name = "log"
version = "0.4.19"
source = "registry+https://github.com/rust-lang/crates.io-index"
checksum = "b06a4cde4c0f271a446782e3eff8de789548ce57dbc8eca9292c27f4a42004b4"

[[package]]
name = "nb"
version = "0.1.3"
source = "registry+https://github.com/rust-lang/crates.io-index"
checksum = "801d31da0513b6ec5214e9bf433a77966320625a37860f910be265be6e18d06f"
dependencies = [
 "nb 1.1.0",
]

[[package]]
name = "nb"
version = "1.1.0"
source = "registry+https://github.com/rust-lang/crates.io-index"
checksum = "8d5439c4ad607c3c23abf66de8c8bf57ba8adcd1f129e699851a6e43935d339d"

[[package]]
name = "proc-macro-error"
version = "1.0.4"
source = "registry+https://github.com/rust-lang/crates.io-index"
checksum = "da25490ff9892aab3fcf7c36f08cfb902dd3e71ca0f9f9517bea02a73a5ce38c"
dependencies = [
 "proc-macro-error-attr",
 "proc-macro2",
 "quote",
 "syn 1.0.109",
 "version_check",
]

[[package]]
name = "proc-macro-error-attr"
version = "1.0.4"
source = "registry+https://github.com/rust-lang/crates.io-index"
checksum = "a1be40180e52ecc98ad80b184934baf3d0d29f979574e439af5a55274b35f869"
dependencies = [
 "proc-macro2",
 "quote",
 "version_check",
]

[[package]]
name = "proc-macro2"
version = "1.0.63"
source = "registry+https://github.com/rust-lang/crates.io-index"
checksum = "7b368fba921b0dce7e60f5e04ec15e565b3303972b42bcfde1d0713b881959eb"
dependencies = [
 "unicode-ident",
]

[[package]]
name = "quote"
version = "1.0.28"
source = "registry+https://github.com/rust-lang/crates.io-index"
checksum = "1b9ab9c7eadfd8df19006f1cf1a4aed13540ed5cbc047010ece5826e10825488"
dependencies = [
 "proc-macro2",
]

[[package]]
name = "ral-registers"
version = "0.1.3"
source = "registry+https://github.com/rust-lang/crates.io-index"
checksum = "46b71a9d9206e8b46714c74255adcaea8b11e0350c1d8456165073c3f75fc81a"

[[package]]
name = "rustc_version"
version = "0.2.3"
source = "registry+https://github.com/rust-lang/crates.io-index"
checksum = "138e3e0acb6c9fb258b19b67cb8abd63c00679d2851805ea151465464fe9030a"
dependencies = [
 "semver",
]

[[package]]
name = "semver"
version = "0.9.0"
source = "registry+https://github.com/rust-lang/crates.io-index"
checksum = "1d7eb9ef2c18661902cc47e535f9bc51b78acd254da71d375c2f6720d9a40403"
dependencies = [
 "semver-parser",
]

[[package]]
name = "semver-parser"
version = "0.7.0"
source = "registry+https://github.com/rust-lang/crates.io-index"
checksum = "388a1df253eca08550bef6c72392cfe7c30914bf41df5269b68cbd6ff8f570a3"

[[package]]
name = "syn"
version = "1.0.109"
source = "registry+https://github.com/rust-lang/crates.io-index"
checksum = "72b64191b275b66ffe2469e8af2c1cfe3bafa67b529ead792a6d0160888b4237"
dependencies = [
 "proc-macro2",
 "quote",
 "unicode-ident",
]

[[package]]
name = "syn"
version = "2.0.22"
source = "registry+https://github.com/rust-lang/crates.io-index"
checksum = "2efbeae7acf4eabd6bcdcbd11c92f45231ddda7539edc7806bd1a04a03b24616"
dependencies = [
 "proc-macro2",
 "quote",
 "unicode-ident",
]

[[package]]
name = "teensy4-bsp"
version = "0.4.2"
source = "registry+https://github.com/rust-lang/crates.io-index"
checksum = "2e706f6b66028ec4993ad96cdb7c01c49fd1a9a2d94ea6b1b1a7536d586fea9c"
dependencies = [
 "cortex-m",
 "imxrt-hal",
 "imxrt-log",
 "imxrt-ral",
 "imxrt-rt",
 "teensy4-fcb",
 "teensy4-pins",
]

[[package]]
name = "teensy4-fcb"
version = "0.4.0"
source = "registry+https://github.com/rust-lang/crates.io-index"
checksum = "8007b6d680b853afd7aa5a4b2be509efac0b5063698a87f274206955afbf1d0f"
dependencies = [
 "imxrt-boot-gen",
]

[[package]]
name = "teensy4-panic"
version = "0.2.2"
source = "registry+https://github.com/rust-lang/crates.io-index"
checksum = "7240ec9c31342bf5ad2a0765efa7f96af0185003f64de33442a231bc583195e5"

[[package]]
name = "teensy4-pins"
version = "0.3.1"
source = "registry+https://github.com/rust-lang/crates.io-index"
checksum = "5a50cc992551983c0034014d58873af2153921cd22601c2194ae93f763f5ba06"
dependencies = [
 "imxrt-iomuxc",
]

[[package]]
name = "thiserror"
version = "1.0.40"
source = "registry+https://github.com/rust-lang/crates.io-index"
checksum = "978c9a314bd8dc99be594bc3c175faaa9794be04a5a5e153caba6915336cebac"
dependencies = [
 "thiserror-impl",
]

[[package]]
name = "thiserror-impl"
version = "1.0.40"
source = "registry+https://github.com/rust-lang/crates.io-index"
checksum = "f9456a42c5b0d803c8cd86e73dd7cc9edd429499f37a3550d286d5e86720569f"
dependencies = [
 "proc-macro2",
 "quote",
 "syn 2.0.22",
]

[[package]]
name = "unicode-ident"
version = "1.0.9"
source = "registry+https://github.com/rust-lang/crates.io-index"
checksum = "b15811caf2415fb889178633e7724bad2509101cde276048e013b9def5e51fa0"

[[package]]
name = "usb-device"
version = "0.2.9"
source = "registry+https://github.com/rust-lang/crates.io-index"
checksum = "1f6cc3adc849b5292b4075fc0d5fdcf2f24866e88e336dd27a8943090a520508"

[[package]]
name = "usbd-serial"
version = "0.1.1"
source = "registry+https://github.com/rust-lang/crates.io-index"
checksum = "db75519b86287f12dcf0d171c7cf4ecc839149fe9f3b720ac4cfce52959e1dfe"
dependencies = [
 "embedded-hal",
 "nb 0.1.3",
 "usb-device",
]

[[package]]
name = "vcell"
version = "0.1.3"
source = "registry+https://github.com/rust-lang/crates.io-index"
checksum = "77439c1b53d2303b20d9459b1ade71a83c716e3f9c34f3228c00e6f185d6c002"

[[package]]
name = "version_check"
version = "0.9.4"
source = "registry+https://github.com/rust-lang/crates.io-index"
checksum = "49874b5167b65d7193b8aba1567f5c7d93d001cafc34600cee003eda787e483f"

[[package]]
name = "void"
version = "1.0.2"
source = "registry+https://github.com/rust-lang/crates.io-index"
checksum = "6a02e4885ed3bc0f2de90ea6dd45ebcbb66dacffe03547fadbb0eeae2770887d"

[[package]]
name = "volatile-register"
version = "0.2.1"
source = "registry+https://github.com/rust-lang/crates.io-index"
checksum = "9ee8f19f9d74293faf70901bc20ad067dc1ad390d2cbf1e3f75f721ffee908b6"
dependencies = [
 "vcell",
]

[[package]]
name = "vumeter_lib"
version = "0.1.0"
dependencies = [
 "biquad",
 "libm 0.2.7",
 "log",
]
