# This file is automatically @generated by Cargo.
# It is not intended for manual editing.
version = 3

[[package]]
name = "biquad"
version = "0.4.2"
source = "registry+https://github.com/rust-lang/crates.io-index"
checksum = "820524f5e3e3add696ddf69f79575772e152c0e78e9f0370b56990a7e808ec3e"
dependencies = [
 "libm 0.1.4",
]

[[package]]
name = "libm"
version = "0.1.4"
source = "registry+https://github.com/rust-lang/crates.io-index"
checksum = "7fc7aa29613bd6a620df431842069224d8bc9011086b1db4c0e0cd47fa03ec9a"

[[package]]
name = "libm"
version = "0.2.7"
source = "registry+https://github.com/rust-lang/crates.io-index"
checksum = "f7012b1bbb0719e1097c47611d3898568c546d597c2e74d66f6087edd5233ff4"

[[package]]
name = "log"
version = "0.4.19"
source = "registry+https://github.com/rust-lang/crates.io-index"
checksum = "b06a4cde4c0f271a446782e3eff8de789548ce57dbc8eca9292c27f4a42004b4"

[[package]]
name = "vumeter_lib"
version = "0.1.0"
dependencies = [
 "biquad",
 "libm 0.2.7",
 "log",
]
